// !$*UTF8*$!
{
	archiveVersion = 1;
	classes = {
	};
	objectVersion = 46;
	objects = {

/* Begin PBXBuildFile section */
		2CEFCDFE1A5D6A4300EDE1F6 /* MKAnnotationView+WebCache.m in Sources */ = {isa = PBXBuildFile; fileRef = 2CEFCDDE1A5D6A4300EDE1F6 /* MKAnnotationView+WebCache.m */; };
		2CEFCDFF1A5D6A4300EDE1F6 /* NSData+ImageContentType.m in Sources */ = {isa = PBXBuildFile; fileRef = 2CEFCDE01A5D6A4300EDE1F6 /* NSData+ImageContentType.m */; };
		2CEFCE001A5D6A4300EDE1F6 /* SDImageCache.m in Sources */ = {isa = PBXBuildFile; fileRef = 2CEFCDE21A5D6A4300EDE1F6 /* SDImageCache.m */; };
		2CEFCE011A5D6A4300EDE1F6 /* SDWebImageCompat.m in Sources */ = {isa = PBXBuildFile; fileRef = 2CEFCDE41A5D6A4300EDE1F6 /* SDWebImageCompat.m */; };
		2CEFCE021A5D6A4300EDE1F6 /* SDWebImageDecoder.m in Sources */ = {isa = PBXBuildFile; fileRef = 2CEFCDE61A5D6A4300EDE1F6 /* SDWebImageDecoder.m */; };
		2CEFCE031A5D6A4300EDE1F6 /* SDWebImageDownloader.m in Sources */ = {isa = PBXBuildFile; fileRef = 2CEFCDE81A5D6A4300EDE1F6 /* SDWebImageDownloader.m */; };
		2CEFCE041A5D6A4300EDE1F6 /* SDWebImageDownloaderOperation.m in Sources */ = {isa = PBXBuildFile; fileRef = 2CEFCDEA1A5D6A4300EDE1F6 /* SDWebImageDownloaderOperation.m */; };
		2CEFCE051A5D6A4300EDE1F6 /* SDWebImageManager.m in Sources */ = {isa = PBXBuildFile; fileRef = 2CEFCDEC1A5D6A4300EDE1F6 /* SDWebImageManager.m */; };
		2CEFCE061A5D6A4300EDE1F6 /* SDWebImagePrefetcher.m in Sources */ = {isa = PBXBuildFile; fileRef = 2CEFCDEF1A5D6A4300EDE1F6 /* SDWebImagePrefetcher.m */; };
		2CEFCE071A5D6A4300EDE1F6 /* UIButton+WebCache.m in Sources */ = {isa = PBXBuildFile; fileRef = 2CEFCDF11A5D6A4300EDE1F6 /* UIButton+WebCache.m */; };
		2CEFCE081A5D6A4300EDE1F6 /* UIImage+GIF.m in Sources */ = {isa = PBXBuildFile; fileRef = 2CEFCDF31A5D6A4300EDE1F6 /* UIImage+GIF.m */; };
		2CEFCE091A5D6A4300EDE1F6 /* UIImage+MultiFormat.m in Sources */ = {isa = PBXBuildFile; fileRef = 2CEFCDF51A5D6A4300EDE1F6 /* UIImage+MultiFormat.m */; };
		2CEFCE0A1A5D6A4300EDE1F6 /* UIImage+WebP.m in Sources */ = {isa = PBXBuildFile; fileRef = 2CEFCDF71A5D6A4300EDE1F6 /* UIImage+WebP.m */; };
		2CEFCE0B1A5D6A4300EDE1F6 /* UIImageView+HighlightedWebCache.m in Sources */ = {isa = PBXBuildFile; fileRef = 2CEFCDF91A5D6A4300EDE1F6 /* UIImageView+HighlightedWebCache.m */; };
		2CEFCE0C1A5D6A4300EDE1F6 /* UIImageView+WebCache.m in Sources */ = {isa = PBXBuildFile; fileRef = 2CEFCDFB1A5D6A4300EDE1F6 /* UIImageView+WebCache.m */; };
		2CEFCE0D1A5D6A4300EDE1F6 /* UIView+WebCacheOperation.m in Sources */ = {isa = PBXBuildFile; fileRef = 2CEFCDFD1A5D6A4300EDE1F6 /* UIView+WebCacheOperation.m */; };
		EC50503D1A6F81EF00FF3442 /* HelveticaNeueLTPro-Lt.otf in Resources */ = {isa = PBXBuildFile; fileRef = EC50503A1A6F81EF00FF3442 /* HelveticaNeueLTPro-Lt.otf */; };
		EC50503E1A6F81EF00FF3442 /* HelveticaNeueLTStd-Bd.otf in Resources */ = {isa = PBXBuildFile; fileRef = EC50503B1A6F81EF00FF3442 /* HelveticaNeueLTStd-Bd.otf */; };
		EC50503F1A6F81EF00FF3442 /* HelveticaNeueLTStd-Lt.otf in Resources */ = {isa = PBXBuildFile; fileRef = EC50503C1A6F81EF00FF3442 /* HelveticaNeueLTStd-Lt.otf */; };
		EC93DF4B1A5CF48E00B76204 /* main.m in Sources */ = {isa = PBXBuildFile; fileRef = EC93DF4A1A5CF48E00B76204 /* main.m */; };
		EC93DF4E1A5CF48E00B76204 /* AppDelegate.m in Sources */ = {isa = PBXBuildFile; fileRef = EC93DF4D1A5CF48E00B76204 /* AppDelegate.m */; };
		EC93DF511A5CF48E00B76204 /* ViewController.m in Sources */ = {isa = PBXBuildFile; fileRef = EC93DF501A5CF48E00B76204 /* ViewController.m */; };
		EC93DF541A5CF48E00B76204 /* Main.storyboard in Resources */ = {isa = PBXBuildFile; fileRef = EC93DF521A5CF48E00B76204 /* Main.storyboard */; };
		EC93DF561A5CF48E00B76204 /* Images.xcassets in Resources */ = {isa = PBXBuildFile; fileRef = EC93DF551A5CF48E00B76204 /* Images.xcassets */; };
		EC93DF591A5CF48E00B76204 /* LaunchScreen.xib in Resources */ = {isa = PBXBuildFile; fileRef = EC93DF571A5CF48E00B76204 /* LaunchScreen.xib */; };
		EC93DF651A5CF48E00B76204 /* MyEchainBusinessTests.m in Sources */ = {isa = PBXBuildFile; fileRef = EC93DF641A5CF48E00B76204 /* MyEchainBusinessTests.m */; };
		EC93DF731A5D024B00B76204 /* ECBScan_infoViewController.m in Sources */ = {isa = PBXBuildFile; fileRef = EC93DF721A5D024B00B76204 /* ECBScan_infoViewController.m */; };
		EC93DF761A5D0F1D00B76204 /* ECBLoginViewController.m in Sources */ = {isa = PBXBuildFile; fileRef = EC93DF751A5D0F1D00B76204 /* ECBLoginViewController.m */; };
		EC93DF791A5D1B7100B76204 /* ECBCust_infoViewController.m in Sources */ = {isa = PBXBuildFile; fileRef = EC93DF781A5D1B7100B76204 /* ECBCust_infoViewController.m */; };
		EC93DF7F1A5D3C2900B76204 /* RMScannerView.m in Sources */ = {isa = PBXBuildFile; fileRef = EC93DF7C1A5D3C2900B76204 /* RMScannerView.m */; };
		EC93DF801A5D3C2900B76204 /* RMOutlineBox.m in Sources */ = {isa = PBXBuildFile; fileRef = EC93DF7E1A5D3C2900B76204 /* RMOutlineBox.m */; };
/* End PBXBuildFile section */

/* Begin PBXContainerItemProxy section */
		EC93DF5F1A5CF48E00B76204 /* PBXContainerItemProxy */ = {
			isa = PBXContainerItemProxy;
			containerPortal = EC93DF3D1A5CF48E00B76204 /* Project object */;
			proxyType = 1;
			remoteGlobalIDString = EC93DF441A5CF48E00B76204;
			remoteInfo = MyEchainBusiness;
		};
/* End PBXContainerItemProxy section */

/* Begin PBXFileReference section */
		2CEFCDDD1A5D6A4300EDE1F6 /* MKAnnotationView+WebCache.h */ = {isa = PBXFileReference; fileEncoding = 4; lastKnownFileType = sourcecode.c.h; path = "MKAnnotationView+WebCache.h"; sourceTree = "<group>"; };
		2CEFCDDE1A5D6A4300EDE1F6 /* MKAnnotationView+WebCache.m */ = {isa = PBXFileReference; fileEncoding = 4; lastKnownFileType = sourcecode.c.objc; path = "MKAnnotationView+WebCache.m"; sourceTree = "<group>"; };
		2CEFCDDF1A5D6A4300EDE1F6 /* NSData+ImageContentType.h */ = {isa = PBXFileReference; fileEncoding = 4; lastKnownFileType = sourcecode.c.h; path = "NSData+ImageContentType.h"; sourceTree = "<group>"; };
		2CEFCDE01A5D6A4300EDE1F6 /* NSData+ImageContentType.m */ = {isa = PBXFileReference; fileEncoding = 4; lastKnownFileType = sourcecode.c.objc; path = "NSData+ImageContentType.m"; sourceTree = "<group>"; };
		2CEFCDE11A5D6A4300EDE1F6 /* SDImageCache.h */ = {isa = PBXFileReference; fileEncoding = 4; lastKnownFileType = sourcecode.c.h; path = SDImageCache.h; sourceTree = "<group>"; };
		2CEFCDE21A5D6A4300EDE1F6 /* SDImageCache.m */ = {isa = PBXFileReference; fileEncoding = 4; lastKnownFileType = sourcecode.c.objc; path = SDImageCache.m; sourceTree = "<group>"; };
		2CEFCDE31A5D6A4300EDE1F6 /* SDWebImageCompat.h */ = {isa = PBXFileReference; fileEncoding = 4; lastKnownFileType = sourcecode.c.h; path = SDWebImageCompat.h; sourceTree = "<group>"; };
		2CEFCDE41A5D6A4300EDE1F6 /* SDWebImageCompat.m */ = {isa = PBXFileReference; fileEncoding = 4; lastKnownFileType = sourcecode.c.objc; path = SDWebImageCompat.m; sourceTree = "<group>"; };
		2CEFCDE51A5D6A4300EDE1F6 /* SDWebImageDecoder.h */ = {isa = PBXFileReference; fileEncoding = 4; lastKnownFileType = sourcecode.c.h; path = SDWebImageDecoder.h; sourceTree = "<group>"; };
		2CEFCDE61A5D6A4300EDE1F6 /* SDWebImageDecoder.m */ = {isa = PBXFileReference; fileEncoding = 4; lastKnownFileType = sourcecode.c.objc; path = SDWebImageDecoder.m; sourceTree = "<group>"; };
		2CEFCDE71A5D6A4300EDE1F6 /* SDWebImageDownloader.h */ = {isa = PBXFileReference; fileEncoding = 4; lastKnownFileType = sourcecode.c.h; path = SDWebImageDownloader.h; sourceTree = "<group>"; };
		2CEFCDE81A5D6A4300EDE1F6 /* SDWebImageDownloader.m */ = {isa = PBXFileReference; fileEncoding = 4; lastKnownFileType = sourcecode.c.objc; path = SDWebImageDownloader.m; sourceTree = "<group>"; };
		2CEFCDE91A5D6A4300EDE1F6 /* SDWebImageDownloaderOperation.h */ = {isa = PBXFileReference; fileEncoding = 4; lastKnownFileType = sourcecode.c.h; path = SDWebImageDownloaderOperation.h; sourceTree = "<group>"; };
		2CEFCDEA1A5D6A4300EDE1F6 /* SDWebImageDownloaderOperation.m */ = {isa = PBXFileReference; fileEncoding = 4; lastKnownFileType = sourcecode.c.objc; path = SDWebImageDownloaderOperation.m; sourceTree = "<group>"; };
		2CEFCDEB1A5D6A4300EDE1F6 /* SDWebImageManager.h */ = {isa = PBXFileReference; fileEncoding = 4; lastKnownFileType = sourcecode.c.h; path = SDWebImageManager.h; sourceTree = "<group>"; };
		2CEFCDEC1A5D6A4300EDE1F6 /* SDWebImageManager.m */ = {isa = PBXFileReference; fileEncoding = 4; lastKnownFileType = sourcecode.c.objc; path = SDWebImageManager.m; sourceTree = "<group>"; };
		2CEFCDED1A5D6A4300EDE1F6 /* SDWebImageOperation.h */ = {isa = PBXFileReference; fileEncoding = 4; lastKnownFileType = sourcecode.c.h; path = SDWebImageOperation.h; sourceTree = "<group>"; };
		2CEFCDEE1A5D6A4300EDE1F6 /* SDWebImagePrefetcher.h */ = {isa = PBXFileReference; fileEncoding = 4; lastKnownFileType = sourcecode.c.h; path = SDWebImagePrefetcher.h; sourceTree = "<group>"; };
		2CEFCDEF1A5D6A4300EDE1F6 /* SDWebImagePrefetcher.m */ = {isa = PBXFileReference; fileEncoding = 4; lastKnownFileType = sourcecode.c.objc; path = SDWebImagePrefetcher.m; sourceTree = "<group>"; };
		2CEFCDF01A5D6A4300EDE1F6 /* UIButton+WebCache.h */ = {isa = PBXFileReference; fileEncoding = 4; lastKnownFileType = sourcecode.c.h; path = "UIButton+WebCache.h"; sourceTree = "<group>"; };
		2CEFCDF11A5D6A4300EDE1F6 /* UIButton+WebCache.m */ = {isa = PBXFileReference; fileEncoding = 4; lastKnownFileType = sourcecode.c.objc; path = "UIButton+WebCache.m"; sourceTree = "<group>"; };
		2CEFCDF21A5D6A4300EDE1F6 /* UIImage+GIF.h */ = {isa = PBXFileReference; fileEncoding = 4; lastKnownFileType = sourcecode.c.h; path = "UIImage+GIF.h"; sourceTree = "<group>"; };
		2CEFCDF31A5D6A4300EDE1F6 /* UIImage+GIF.m */ = {isa = PBXFileReference; fileEncoding = 4; lastKnownFileType = sourcecode.c.objc; path = "UIImage+GIF.m"; sourceTree = "<group>"; };
		2CEFCDF41A5D6A4300EDE1F6 /* UIImage+MultiFormat.h */ = {isa = PBXFileReference; fileEncoding = 4; lastKnownFileType = sourcecode.c.h; path = "UIImage+MultiFormat.h"; sourceTree = "<group>"; };
		2CEFCDF51A5D6A4300EDE1F6 /* UIImage+MultiFormat.m */ = {isa = PBXFileReference; fileEncoding = 4; lastKnownFileType = sourcecode.c.objc; path = "UIImage+MultiFormat.m"; sourceTree = "<group>"; };
		2CEFCDF61A5D6A4300EDE1F6 /* UIImage+WebP.h */ = {isa = PBXFileReference; fileEncoding = 4; lastKnownFileType = sourcecode.c.h; path = "UIImage+WebP.h"; sourceTree = "<group>"; };
		2CEFCDF71A5D6A4300EDE1F6 /* UIImage+WebP.m */ = {isa = PBXFileReference; fileEncoding = 4; lastKnownFileType = sourcecode.c.objc; path = "UIImage+WebP.m"; sourceTree = "<group>"; };
		2CEFCDF81A5D6A4300EDE1F6 /* UIImageView+HighlightedWebCache.h */ = {isa = PBXFileReference; fileEncoding = 4; lastKnownFileType = sourcecode.c.h; path = "UIImageView+HighlightedWebCache.h"; sourceTree = "<group>"; };
		2CEFCDF91A5D6A4300EDE1F6 /* UIImageView+HighlightedWebCache.m */ = {isa = PBXFileReference; fileEncoding = 4; lastKnownFileType = sourcecode.c.objc; path = "UIImageView+HighlightedWebCache.m"; sourceTree = "<group>"; };
		2CEFCDFA1A5D6A4300EDE1F6 /* UIImageView+WebCache.h */ = {isa = PBXFileReference; fileEncoding = 4; lastKnownFileType = sourcecode.c.h; path = "UIImageView+WebCache.h"; sourceTree = "<group>"; };
		2CEFCDFB1A5D6A4300EDE1F6 /* UIImageView+WebCache.m */ = {isa = PBXFileReference; fileEncoding = 4; lastKnownFileType = sourcecode.c.objc; path = "UIImageView+WebCache.m"; sourceTree = "<group>"; };
		2CEFCDFC1A5D6A4300EDE1F6 /* UIView+WebCacheOperation.h */ = {isa = PBXFileReference; fileEncoding = 4; lastKnownFileType = sourcecode.c.h; path = "UIView+WebCacheOperation.h"; sourceTree = "<group>"; };
		2CEFCDFD1A5D6A4300EDE1F6 /* UIView+WebCacheOperation.m */ = {isa = PBXFileReference; fileEncoding = 4; lastKnownFileType = sourcecode.c.objc; path = "UIView+WebCacheOperation.m"; sourceTree = "<group>"; };
		EC50503A1A6F81EF00FF3442 /* HelveticaNeueLTPro-Lt.otf */ = {isa = PBXFileReference; lastKnownFileType = file; path = "HelveticaNeueLTPro-Lt.otf"; sourceTree = "<group>"; };
		EC50503B1A6F81EF00FF3442 /* HelveticaNeueLTStd-Bd.otf */ = {isa = PBXFileReference; lastKnownFileType = file; path = "HelveticaNeueLTStd-Bd.otf"; sourceTree = "<group>"; };
		EC50503C1A6F81EF00FF3442 /* HelveticaNeueLTStd-Lt.otf */ = {isa = PBXFileReference; lastKnownFileType = file; path = "HelveticaNeueLTStd-Lt.otf"; sourceTree = "<group>"; };
		EC93DF451A5CF48E00B76204 /* MyEchainBusiness.app */ = {isa = PBXFileReference; explicitFileType = wrapper.application; includeInIndex = 0; path = MyEchainBusiness.app; sourceTree = BUILT_PRODUCTS_DIR; };
		EC93DF491A5CF48E00B76204 /* Info.plist */ = {isa = PBXFileReference; lastKnownFileType = text.plist.xml; path = Info.plist; sourceTree = "<group>"; };
		EC93DF4A1A5CF48E00B76204 /* main.m */ = {isa = PBXFileReference; lastKnownFileType = sourcecode.c.objc; path = main.m; sourceTree = "<group>"; };
		EC93DF4C1A5CF48E00B76204 /* AppDelegate.h */ = {isa = PBXFileReference; lastKnownFileType = sourcecode.c.h; path = AppDelegate.h; sourceTree = "<group>"; };
		EC93DF4D1A5CF48E00B76204 /* AppDelegate.m */ = {isa = PBXFileReference; lastKnownFileType = sourcecode.c.objc; path = AppDelegate.m; sourceTree = "<group>"; };
		EC93DF4F1A5CF48E00B76204 /* ViewController.h */ = {isa = PBXFileReference; lastKnownFileType = sourcecode.c.h; path = ViewController.h; sourceTree = "<group>"; };
		EC93DF501A5CF48E00B76204 /* ViewController.m */ = {isa = PBXFileReference; lastKnownFileType = sourcecode.c.objc; path = ViewController.m; sourceTree = "<group>"; };
		EC93DF531A5CF48E00B76204 /* Base */ = {isa = PBXFileReference; lastKnownFileType = file.storyboard; name = Base; path = Base.lproj/Main.storyboard; sourceTree = "<group>"; };
		EC93DF551A5CF48E00B76204 /* Images.xcassets */ = {isa = PBXFileReference; lastKnownFileType = folder.assetcatalog; path = Images.xcassets; sourceTree = "<group>"; };
		EC93DF581A5CF48E00B76204 /* Base */ = {isa = PBXFileReference; lastKnownFileType = file.xib; name = Base; path = Base.lproj/LaunchScreen.xib; sourceTree = "<group>"; };
		EC93DF5E1A5CF48E00B76204 /* MyEchainBusinessTests.xctest */ = {isa = PBXFileReference; explicitFileType = wrapper.cfbundle; includeInIndex = 0; path = MyEchainBusinessTests.xctest; sourceTree = BUILT_PRODUCTS_DIR; };
		EC93DF631A5CF48E00B76204 /* Info.plist */ = {isa = PBXFileReference; lastKnownFileType = text.plist.xml; path = Info.plist; sourceTree = "<group>"; };
		EC93DF641A5CF48E00B76204 /* MyEchainBusinessTests.m */ = {isa = PBXFileReference; lastKnownFileType = sourcecode.c.objc; path = MyEchainBusinessTests.m; sourceTree = "<group>"; };
		EC93DF711A5D024B00B76204 /* ECBScan_infoViewController.h */ = {isa = PBXFileReference; fileEncoding = 4; lastKnownFileType = sourcecode.c.h; name = ECBScan_infoViewController.h; path = ../ECBScan_infoViewController.h; sourceTree = "<group>"; };
		EC93DF721A5D024B00B76204 /* ECBScan_infoViewController.m */ = {isa = PBXFileReference; fileEncoding = 4; lastKnownFileType = sourcecode.c.objc; name = ECBScan_infoViewController.m; path = ../ECBScan_infoViewController.m; sourceTree = "<group>"; };
		EC93DF741A5D0F1D00B76204 /* ECBLoginViewController.h */ = {isa = PBXFileReference; fileEncoding = 4; lastKnownFileType = sourcecode.c.h; name = ECBLoginViewController.h; path = ../ECBLoginViewController.h; sourceTree = "<group>"; };
		EC93DF751A5D0F1D00B76204 /* ECBLoginViewController.m */ = {isa = PBXFileReference; fileEncoding = 4; lastKnownFileType = sourcecode.c.objc; name = ECBLoginViewController.m; path = ../ECBLoginViewController.m; sourceTree = "<group>"; };
		EC93DF771A5D1B7100B76204 /* ECBCust_infoViewController.h */ = {isa = PBXFileReference; fileEncoding = 4; lastKnownFileType = sourcecode.c.h; name = ECBCust_infoViewController.h; path = ../ECBCust_infoViewController.h; sourceTree = "<group>"; };
		EC93DF781A5D1B7100B76204 /* ECBCust_infoViewController.m */ = {isa = PBXFileReference; fileEncoding = 4; lastKnownFileType = sourcecode.c.objc; name = ECBCust_infoViewController.m; path = ../ECBCust_infoViewController.m; sourceTree = "<group>"; };
		EC93DF7B1A5D3C2900B76204 /* RMScannerView.h */ = {isa = PBXFileReference; fileEncoding = 4; lastKnownFileType = sourcecode.c.h; path = RMScannerView.h; sourceTree = "<group>"; };
		EC93DF7C1A5D3C2900B76204 /* RMScannerView.m */ = {isa = PBXFileReference; fileEncoding = 4; lastKnownFileType = sourcecode.c.objc; path = RMScannerView.m; sourceTree = "<group>"; };
		EC93DF7D1A5D3C2900B76204 /* RMOutlineBox.h */ = {isa = PBXFileReference; fileEncoding = 4; lastKnownFileType = sourcecode.c.h; path = RMOutlineBox.h; sourceTree = "<group>"; };
		EC93DF7E1A5D3C2900B76204 /* RMOutlineBox.m */ = {isa = PBXFileReference; fileEncoding = 4; lastKnownFileType = sourcecode.c.objc; path = RMOutlineBox.m; sourceTree = "<group>"; };
/* End PBXFileReference section */

/* Begin PBXFrameworksBuildPhase section */
		EC93DF421A5CF48E00B76204 /* Frameworks */ = {
			isa = PBXFrameworksBuildPhase;
			buildActionMask = 2147483647;
			files = (
			);
			runOnlyForDeploymentPostprocessing = 0;
		};
		EC93DF5B1A5CF48E00B76204 /* Frameworks */ = {
			isa = PBXFrameworksBuildPhase;
			buildActionMask = 2147483647;
			files = (
			);
			runOnlyForDeploymentPostprocessing = 0;
		};
/* End PBXFrameworksBuildPhase section */

/* Begin PBXGroup section */
		2CEFCDDC1A5D6A4300EDE1F6 /* SDWebImage */ = {
			isa = PBXGroup;
			children = (
				2CEFCDDD1A5D6A4300EDE1F6 /* MKAnnotationView+WebCache.h */,
				2CEFCDDE1A5D6A4300EDE1F6 /* MKAnnotationView+WebCache.m */,
				2CEFCDDF1A5D6A4300EDE1F6 /* NSData+ImageContentType.h */,
				2CEFCDE01A5D6A4300EDE1F6 /* NSData+ImageContentType.m */,
				2CEFCDE11A5D6A4300EDE1F6 /* SDImageCache.h */,
				2CEFCDE21A5D6A4300EDE1F6 /* SDImageCache.m */,
				2CEFCDE31A5D6A4300EDE1F6 /* SDWebImageCompat.h */,
				2CEFCDE41A5D6A4300EDE1F6 /* SDWebImageCompat.m */,
				2CEFCDE51A5D6A4300EDE1F6 /* SDWebImageDecoder.h */,
				2CEFCDE61A5D6A4300EDE1F6 /* SDWebImageDecoder.m */,
				2CEFCDE71A5D6A4300EDE1F6 /* SDWebImageDownloader.h */,
				2CEFCDE81A5D6A4300EDE1F6 /* SDWebImageDownloader.m */,
				2CEFCDE91A5D6A4300EDE1F6 /* SDWebImageDownloaderOperation.h */,
				2CEFCDEA1A5D6A4300EDE1F6 /* SDWebImageDownloaderOperation.m */,
				2CEFCDEB1A5D6A4300EDE1F6 /* SDWebImageManager.h */,
				2CEFCDEC1A5D6A4300EDE1F6 /* SDWebImageManager.m */,
				2CEFCDED1A5D6A4300EDE1F6 /* SDWebImageOperation.h */,
				2CEFCDEE1A5D6A4300EDE1F6 /* SDWebImagePrefetcher.h */,
				2CEFCDEF1A5D6A4300EDE1F6 /* SDWebImagePrefetcher.m */,
				2CEFCDF01A5D6A4300EDE1F6 /* UIButton+WebCache.h */,
				2CEFCDF11A5D6A4300EDE1F6 /* UIButton+WebCache.m */,
				2CEFCDF21A5D6A4300EDE1F6 /* UIImage+GIF.h */,
				2CEFCDF31A5D6A4300EDE1F6 /* UIImage+GIF.m */,
				2CEFCDF41A5D6A4300EDE1F6 /* UIImage+MultiFormat.h */,
				2CEFCDF51A5D6A4300EDE1F6 /* UIImage+MultiFormat.m */,
				2CEFCDF61A5D6A4300EDE1F6 /* UIImage+WebP.h */,
				2CEFCDF71A5D6A4300EDE1F6 /* UIImage+WebP.m */,
				2CEFCDF81A5D6A4300EDE1F6 /* UIImageView+HighlightedWebCache.h */,
				2CEFCDF91A5D6A4300EDE1F6 /* UIImageView+HighlightedWebCache.m */,
				2CEFCDFA1A5D6A4300EDE1F6 /* UIImageView+WebCache.h */,
				2CEFCDFB1A5D6A4300EDE1F6 /* UIImageView+WebCache.m */,
				2CEFCDFC1A5D6A4300EDE1F6 /* UIView+WebCacheOperation.h */,
				2CEFCDFD1A5D6A4300EDE1F6 /* UIView+WebCacheOperation.m */,
			);
			path = SDWebImage;
			sourceTree = "<group>";
		};
		EC5050391A6F81EF00FF3442 /* Fonts */ = {
			isa = PBXGroup;
			children = (
				EC50503A1A6F81EF00FF3442 /* HelveticaNeueLTPro-Lt.otf */,
				EC50503B1A6F81EF00FF3442 /* HelveticaNeueLTStd-Bd.otf */,
				EC50503C1A6F81EF00FF3442 /* HelveticaNeueLTStd-Lt.otf */,
			);
			path = Fonts;
			sourceTree = "<group>";
		};
		EC93DF3C1A5CF48E00B76204 = {
			isa = PBXGroup;
			children = (
				EC5050391A6F81EF00FF3442 /* Fonts */,
				2CEFCDDC1A5D6A4300EDE1F6 /* SDWebImage */,
				EC93DF7A1A5D3C0300B76204 /* code_import */,
				EC93DF471A5CF48E00B76204 /* MyEchainBusiness */,
				EC93DF611A5CF48E00B76204 /* MyEchainBusinessTests */,
				EC93DF461A5CF48E00B76204 /* Products */,
			);
			sourceTree = "<group>";
		};
		EC93DF461A5CF48E00B76204 /* Products */ = {
			isa = PBXGroup;
			children = (
				EC93DF451A5CF48E00B76204 /* MyEchainBusiness.app */,
				EC93DF5E1A5CF48E00B76204 /* MyEchainBusinessTests.xctest */,
			);
			name = Products;
			sourceTree = "<group>";
		};
		EC93DF471A5CF48E00B76204 /* MyEchainBusiness */ = {
			isa = PBXGroup;
			children = (
				EC93DF771A5D1B7100B76204 /* ECBCust_infoViewController.h */,
				EC93DF781A5D1B7100B76204 /* ECBCust_infoViewController.m */,
				EC93DF741A5D0F1D00B76204 /* ECBLoginViewController.h */,
				EC93DF751A5D0F1D00B76204 /* ECBLoginViewController.m */,
				EC93DF711A5D024B00B76204 /* ECBScan_infoViewController.h */,
				EC93DF721A5D024B00B76204 /* ECBScan_infoViewController.m */,
				EC93DF4C1A5CF48E00B76204 /* AppDelegate.h */,
				EC93DF4D1A5CF48E00B76204 /* AppDelegate.m */,
				EC93DF4F1A5CF48E00B76204 /* ViewController.h */,
				EC93DF501A5CF48E00B76204 /* ViewController.m */,
				EC93DF521A5CF48E00B76204 /* Main.storyboard */,
				EC93DF551A5CF48E00B76204 /* Images.xcassets */,
				EC93DF571A5CF48E00B76204 /* LaunchScreen.xib */,
				EC93DF481A5CF48E00B76204 /* Supporting Files */,
			);
			path = MyEchainBusiness;
			sourceTree = "<group>";
		};
		EC93DF481A5CF48E00B76204 /* Supporting Files */ = {
			isa = PBXGroup;
			children = (
				EC93DF491A5CF48E00B76204 /* Info.plist */,
				EC93DF4A1A5CF48E00B76204 /* main.m */,
			);
			name = "Supporting Files";
			sourceTree = "<group>";
		};
		EC93DF611A5CF48E00B76204 /* MyEchainBusinessTests */ = {
			isa = PBXGroup;
			children = (
				EC93DF641A5CF48E00B76204 /* MyEchainBusinessTests.m */,
				EC93DF621A5CF48E00B76204 /* Supporting Files */,
			);
			path = MyEchainBusinessTests;
			sourceTree = "<group>";
		};
		EC93DF621A5CF48E00B76204 /* Supporting Files */ = {
			isa = PBXGroup;
			children = (
				EC93DF631A5CF48E00B76204 /* Info.plist */,
			);
			name = "Supporting Files";
			sourceTree = "<group>";
		};
		EC93DF7A1A5D3C0300B76204 /* code_import */ = {
			isa = PBXGroup;
			children = (
				EC93DF7B1A5D3C2900B76204 /* RMScannerView.h */,
				EC93DF7C1A5D3C2900B76204 /* RMScannerView.m */,
				EC93DF7D1A5D3C2900B76204 /* RMOutlineBox.h */,
				EC93DF7E1A5D3C2900B76204 /* RMOutlineBox.m */,
			);
			name = code_import;
			sourceTree = "<group>";
		};
/* End PBXGroup section */

/* Begin PBXNativeTarget section */
		EC93DF441A5CF48E00B76204 /* MyEchainBusiness */ = {
			isa = PBXNativeTarget;
			buildConfigurationList = EC93DF681A5CF48E00B76204 /* Build configuration list for PBXNativeTarget "MyEchainBusiness" */;
			buildPhases = (
				EC93DF411A5CF48E00B76204 /* Sources */,
				EC93DF421A5CF48E00B76204 /* Frameworks */,
				EC93DF431A5CF48E00B76204 /* Resources */,
			);
			buildRules = (
			);
			dependencies = (
			);
			name = MyEchainBusiness;
			productName = MyEchainBusiness;
			productReference = EC93DF451A5CF48E00B76204 /* MyEchainBusiness.app */;
			productType = "com.apple.product-type.application";
		};
		EC93DF5D1A5CF48E00B76204 /* MyEchainBusinessTests */ = {
			isa = PBXNativeTarget;
			buildConfigurationList = EC93DF6B1A5CF48E00B76204 /* Build configuration list for PBXNativeTarget "MyEchainBusinessTests" */;
			buildPhases = (
				EC93DF5A1A5CF48E00B76204 /* Sources */,
				EC93DF5B1A5CF48E00B76204 /* Frameworks */,
				EC93DF5C1A5CF48E00B76204 /* Resources */,
			);
			buildRules = (
			);
			dependencies = (
				EC93DF601A5CF48E00B76204 /* PBXTargetDependency */,
			);
			name = MyEchainBusinessTests;
			productName = MyEchainBusinessTests;
			productReference = EC93DF5E1A5CF48E00B76204 /* MyEchainBusinessTests.xctest */;
			productType = "com.apple.product-type.bundle.unit-test";
		};
/* End PBXNativeTarget section */

/* Begin PBXProject section */
		EC93DF3D1A5CF48E00B76204 /* Project object */ = {
			isa = PBXProject;
			attributes = {
				LastUpgradeCheck = 0600;
				ORGANIZATIONNAME = Esolz;
				TargetAttributes = {
					EC93DF441A5CF48E00B76204 = {
						CreatedOnToolsVersion = 6.0;
						DevelopmentTeam = HVFEBCENV9;
					};
					EC93DF5D1A5CF48E00B76204 = {
						CreatedOnToolsVersion = 6.0;
						TestTargetID = EC93DF441A5CF48E00B76204;
					};
				};
			};
			buildConfigurationList = EC93DF401A5CF48E00B76204 /* Build configuration list for PBXProject "MyEchainBusiness" */;
			compatibilityVersion = "Xcode 3.2";
			developmentRegion = English;
			hasScannedForEncodings = 0;
			knownRegions = (
				en,
				Base,
			);
			mainGroup = EC93DF3C1A5CF48E00B76204;
			productRefGroup = EC93DF461A5CF48E00B76204 /* Products */;
			projectDirPath = "";
			projectRoot = "";
			targets = (
				EC93DF441A5CF48E00B76204 /* MyEchainBusiness */,
				EC93DF5D1A5CF48E00B76204 /* MyEchainBusinessTests */,
			);
		};
/* End PBXProject section */

/* Begin PBXResourcesBuildPhase section */
		EC93DF431A5CF48E00B76204 /* Resources */ = {
			isa = PBXResourcesBuildPhase;
			buildActionMask = 2147483647;
			files = (
				EC50503F1A6F81EF00FF3442 /* HelveticaNeueLTStd-Lt.otf in Resources */,
				EC50503D1A6F81EF00FF3442 /* HelveticaNeueLTPro-Lt.otf in Resources */,
				EC93DF541A5CF48E00B76204 /* Main.storyboard in Resources */,
				EC50503E1A6F81EF00FF3442 /* HelveticaNeueLTStd-Bd.otf in Resources */,
				EC93DF591A5CF48E00B76204 /* LaunchScreen.xib in Resources */,
				EC93DF561A5CF48E00B76204 /* Images.xcassets in Resources */,
			);
			runOnlyForDeploymentPostprocessing = 0;
		};
		EC93DF5C1A5CF48E00B76204 /* Resources */ = {
			isa = PBXResourcesBuildPhase;
			buildActionMask = 2147483647;
			files = (
			);
			runOnlyForDeploymentPostprocessing = 0;
		};
/* End PBXResourcesBuildPhase section */

/* Begin PBXSourcesBuildPhase section */
		EC93DF411A5CF48E00B76204 /* Sources */ = {
			isa = PBXSourcesBuildPhase;
			buildActionMask = 2147483647;
			files = (
				2CEFCE021A5D6A4300EDE1F6 /* SDWebImageDecoder.m in Sources */,
				2CEFCE051A5D6A4300EDE1F6 /* SDWebImageManager.m in Sources */,
				2CEFCDFF1A5D6A4300EDE1F6 /* NSData+ImageContentType.m in Sources */,
				2CEFCE011A5D6A4300EDE1F6 /* SDWebImageCompat.m in Sources */,
				2CEFCE0D1A5D6A4300EDE1F6 /* UIView+WebCacheOperation.m in Sources */,
				2CEFCE0A1A5D6A4300EDE1F6 /* UIImage+WebP.m in Sources */,
				EC93DF791A5D1B7100B76204 /* ECBCust_infoViewController.m in Sources */,
				2CEFCE0B1A5D6A4300EDE1F6 /* UIImageView+HighlightedWebCache.m in Sources */,
				EC93DF801A5D3C2900B76204 /* RMOutlineBox.m in Sources */,
				EC93DF731A5D024B00B76204 /* ECBScan_infoViewController.m in Sources */,
				2CEFCE071A5D6A4300EDE1F6 /* UIButton+WebCache.m in Sources */,
				2CEFCE061A5D6A4300EDE1F6 /* SDWebImagePrefetcher.m in Sources */,
				2CEFCE041A5D6A4300EDE1F6 /* SDWebImageDownloaderOperation.m in Sources */,
				EC93DF7F1A5D3C2900B76204 /* RMScannerView.m in Sources */,
				EC93DF511A5CF48E00B76204 /* ViewController.m in Sources */,
				2CEFCE091A5D6A4300EDE1F6 /* UIImage+MultiFormat.m in Sources */,
				EC93DF761A5D0F1D00B76204 /* ECBLoginViewController.m in Sources */,
				2CEFCE001A5D6A4300EDE1F6 /* SDImageCache.m in Sources */,
				EC93DF4E1A5CF48E00B76204 /* AppDelegate.m in Sources */,
				EC93DF4B1A5CF48E00B76204 /* main.m in Sources */,
				2CEFCE081A5D6A4300EDE1F6 /* UIImage+GIF.m in Sources */,
				2CEFCE031A5D6A4300EDE1F6 /* SDWebImageDownloader.m in Sources */,
				2CEFCE0C1A5D6A4300EDE1F6 /* UIImageView+WebCache.m in Sources */,
				2CEFCDFE1A5D6A4300EDE1F6 /* MKAnnotationView+WebCache.m in Sources */,
			);
			runOnlyForDeploymentPostprocessing = 0;
		};
		EC93DF5A1A5CF48E00B76204 /* Sources */ = {
			isa = PBXSourcesBuildPhase;
			buildActionMask = 2147483647;
			files = (
				EC93DF651A5CF48E00B76204 /* MyEchainBusinessTests.m in Sources */,
			);
			runOnlyForDeploymentPostprocessing = 0;
		};
/* End PBXSourcesBuildPhase section */

/* Begin PBXTargetDependency section */
		EC93DF601A5CF48E00B76204 /* PBXTargetDependency */ = {
			isa = PBXTargetDependency;
			target = EC93DF441A5CF48E00B76204 /* MyEchainBusiness */;
			targetProxy = EC93DF5F1A5CF48E00B76204 /* PBXContainerItemProxy */;
		};
/* End PBXTargetDependency section */

/* Begin PBXVariantGroup section */
		EC93DF521A5CF48E00B76204 /* Main.storyboard */ = {
			isa = PBXVariantGroup;
			children = (
				EC93DF531A5CF48E00B76204 /* Base */,
			);
			name = Main.storyboard;
			sourceTree = "<group>";
		};
		EC93DF571A5CF48E00B76204 /* LaunchScreen.xib */ = {
			isa = PBXVariantGroup;
			children = (
				EC93DF581A5CF48E00B76204 /* Base */,
			);
			name = LaunchScreen.xib;
			sourceTree = "<group>";
		};
/* End PBXVariantGroup section */

/* Begin XCBuildConfiguration section */
		EC93DF661A5CF48E00B76204 /* Debug */ = {
			isa = XCBuildConfiguration;
			buildSettings = {
				ALWAYS_SEARCH_USER_PATHS = NO;
				CLANG_CXX_LANGUAGE_STANDARD = "gnu++0x";
				CLANG_CXX_LIBRARY = "libc++";
				CLANG_ENABLE_MODULES = YES;
				CLANG_ENABLE_OBJC_ARC = YES;
				CLANG_WARN_BOOL_CONVERSION = YES;
				CLANG_WARN_CONSTANT_CONVERSION = YES;
				CLANG_WARN_DIRECT_OBJC_ISA_USAGE = YES_ERROR;
				CLANG_WARN_EMPTY_BODY = YES;
				CLANG_WARN_ENUM_CONVERSION = YES;
				CLANG_WARN_INT_CONVERSION = YES;
				CLANG_WARN_OBJC_ROOT_CLASS = YES_ERROR;
				CLANG_WARN_UNREACHABLE_CODE = YES;
				CLANG_WARN__DUPLICATE_METHOD_MATCH = YES;
				CODE_SIGN_IDENTITY = "iPhone Developer";
				"CODE_SIGN_IDENTITY[sdk=iphoneos*]" = "iPhone Developer";
				COPY_PHASE_STRIP = NO;
				ENABLE_STRICT_OBJC_MSGSEND = YES;
				GCC_C_LANGUAGE_STANDARD = gnu99;
				GCC_DYNAMIC_NO_PIC = NO;
				GCC_OPTIMIZATION_LEVEL = 0;
				GCC_PREPROCESSOR_DEFINITIONS = (
					"DEBUG=1",
					"$(inherited)",
				);
				GCC_SYMBOLS_PRIVATE_EXTERN = NO;
				GCC_WARN_64_TO_32_BIT_CONVERSION = YES;
				GCC_WARN_ABOUT_RETURN_TYPE = YES_ERROR;
				GCC_WARN_UNDECLARED_SELECTOR = YES;
				GCC_WARN_UNINITIALIZED_AUTOS = YES_AGGRESSIVE;
				GCC_WARN_UNUSED_FUNCTION = YES;
				GCC_WARN_UNUSED_VARIABLE = YES;
				IPHONEOS_DEPLOYMENT_TARGET = 8.0;
				MTL_ENABLE_DEBUG_INFO = YES;
				ONLY_ACTIVE_ARCH = YES;
				PROVISIONING_PROFILE = "";
				SDKROOT = iphoneos;
				TARGETED_DEVICE_FAMILY = "1,2";
			};
			name = Debug;
		};
		EC93DF671A5CF48E00B76204 /* Release */ = {
			isa = XCBuildConfiguration;
			buildSettings = {
				ALWAYS_SEARCH_USER_PATHS = NO;
				CLANG_CXX_LANGUAGE_STANDARD = "gnu++0x";
				CLANG_CXX_LIBRARY = "libc++";
				CLANG_ENABLE_MODULES = YES;
				CLANG_ENABLE_OBJC_ARC = YES;
				CLANG_WARN_BOOL_CONVERSION = YES;
				CLANG_WARN_CONSTANT_CONVERSION = YES;
				CLANG_WARN_DIRECT_OBJC_ISA_USAGE = YES_ERROR;
				CLANG_WARN_EMPTY_BODY = YES;
				CLANG_WARN_ENUM_CONVERSION = YES;
				CLANG_WARN_INT_CONVERSION = YES;
				CLANG_WARN_OBJC_ROOT_CLASS = YES_ERROR;
				CLANG_WARN_UNREACHABLE_CODE = YES;
				CLANG_WARN__DUPLICATE_METHOD_MATCH = YES;
				CODE_SIGN_IDENTITY = "iPhone Developer";
				"CODE_SIGN_IDENTITY[sdk=iphoneos*]" = "iPhone Developer";
				COPY_PHASE_STRIP = YES;
				ENABLE_NS_ASSERTIONS = NO;
				ENABLE_STRICT_OBJC_MSGSEND = YES;
				GCC_C_LANGUAGE_STANDARD = gnu99;
				GCC_WARN_64_TO_32_BIT_CONVERSION = YES;
				GCC_WARN_ABOUT_RETURN_TYPE = YES_ERROR;
				GCC_WARN_UNDECLARED_SELECTOR = YES;
				GCC_WARN_UNINITIALIZED_AUTOS = YES_AGGRESSIVE;
				GCC_WARN_UNUSED_FUNCTION = YES;
				GCC_WARN_UNUSED_VARIABLE = YES;
				IPHONEOS_DEPLOYMENT_TARGET = 8.0;
				MTL_ENABLE_DEBUG_INFO = NO;
				PROVISIONING_PROFILE = "";
				SDKROOT = iphoneos;
				TARGETED_DEVICE_FAMILY = "1,2";
				VALIDATE_PRODUCT = YES;
			};
			name = Release;
		};
		EC93DF691A5CF48E00B76204 /* Debug */ = {
			isa = XCBuildConfiguration;
			buildSettings = {
				ASSETCATALOG_COMPILER_APPICON_NAME = AppIcon;
				CODE_SIGN_IDENTITY = "iPhone Developer";
				INFOPLIST_FILE = MyEchainBusiness/Info.plist;
				IPHONEOS_DEPLOYMENT_TARGET = 8.0;
				LD_RUNPATH_SEARCH_PATHS = "$(inherited) @executable_path/Frameworks";
				PRODUCT_NAME = "$(TARGET_NAME)";
				PROVISIONING_PROFILE = "";
			};
			name = Debug;
		};
		EC93DF6A1A5CF48E00B76204 /* Release */ = {
			isa = XCBuildConfiguration;
			buildSettings = {
				ASSETCATALOG_COMPILER_APPICON_NAME = AppIcon;
				CODE_SIGN_IDENTITY = "iPhone Developer";
				INFOPLIST_FILE = MyEchainBusiness/Info.plist;
				IPHONEOS_DEPLOYMENT_TARGET = 8.0;
				LD_RUNPATH_SEARCH_PATHS = "$(inherited) @executable_path/Frameworks";
				PRODUCT_NAME = "$(TARGET_NAME)";
				PROVISIONING_PROFILE = "";
			};
			name = Release;
		};
		EC93DF6C1A5CF48E00B76204 /* Debug */ = {
			isa = XCBuildConfiguration;
			buildSettings = {
				BUNDLE_LOADER = "$(TEST_HOST)";
				FRAMEWORK_SEARCH_PATHS = (
					"$(SDKROOT)/Developer/Library/Frameworks",
					"$(inherited)",
				);
				GCC_PREPROCESSOR_DEFINITIONS = (
					"DEBUG=1",
					"$(inherited)",
				);
				INFOPLIST_FILE = MyEchainBusinessTests/Info.plist;
				LD_RUNPATH_SEARCH_PATHS = "$(inherited) @executable_path/Frameworks @loader_path/Frameworks";
				PRODUCT_NAME = "$(TARGET_NAME)";
				TEST_HOST = "$(BUILT_PRODUCTS_DIR)/MyEchainBusiness.app/MyEchainBusiness";
			};
			name = Debug;
		};
		EC93DF6D1A5CF48E00B76204 /* Release */ = {
			isa = XCBuildConfiguration;
			buildSettings = {
				BUNDLE_LOADER = "$(TEST_HOST)";
				FRAMEWORK_SEARCH_PATHS = (
					"$(SDKROOT)/Developer/Library/Frameworks",
					"$(inherited)",
				);
				INFOPLIST_FILE = MyEchainBusinessTests/Info.plist;
				LD_RUNPATH_SEARCH_PATHS = "$(inherited) @executable_path/Frameworks @loader_path/Frameworks";
				PRODUCT_NAME = "$(TARGET_NAME)";
				TEST_HOST = "$(BUILT_PRODUCTS_DIR)/MyEchainBusiness.app/MyEchainBusiness";
			};
			name = Release;
		};
/* End XCBuildConfiguration section */

/* Begin XCConfigurationList section */
		EC93DF401A5CF48E00B76204 /* Build configuration list for PBXProject "MyEchainBusiness" */ = {
			isa = XCConfigurationList;
			buildConfigurations = (
				EC93DF661A5CF48E00B76204 /* Debug */,
				EC93DF671A5CF48E00B76204 /* Release */,
			);
			defaultConfigurationIsVisible = 0;
			defaultConfigurationName = Release;
		};
		EC93DF681A5CF48E00B76204 /* Build configuration list for PBXNativeTarget "MyEchainBusiness" */ = {
			isa = XCConfigurationList;
			buildConfigurations = (
				EC93DF691A5CF48E00B76204 /* Debug */,
				EC93DF6A1A5CF48E00B76204 /* Release */,
			);
			defaultConfigurationIsVisible = 0;
			defaultConfigurationName = Release;
		};
		EC93DF6B1A5CF48E00B76204 /* Build configuration list for PBXNativeTarget "MyEchainBusinessTests" */ = {
			isa = XCConfigurationList;
			buildConfigurations = (
				EC93DF6C1A5CF48E00B76204 /* Debug */,
				EC93DF6D1A5CF48E00B76204 /* Release */,
			);
			defaultConfigurationIsVisible = 0;
			defaultConfigurationName = Release;
		};
/* End XCConfigurationList section */
	};
	rootObject = EC93DF3D1A5CF48E00B76204 /* Project object */;
}
